// !$*UTF8*$!
{
	archiveVersion = 1;
	classes = {
	};
	objectVersion = 56;
	objects = {

/* Begin PBXBuildFile section */
		E03F581E2C63ED1B00252513 /* UserDefaultsFacade.swift in Sources */ = {isa = PBXBuildFile; fileRef = E03F581D2C63ED1B00252513 /* UserDefaultsFacade.swift */; };
		E066825C2C1A197300FD6DD3 /* FirebaseAnalytics in Frameworks */ = {isa = PBXBuildFile; productRef = E066825B2C1A197300FD6DD3 /* FirebaseAnalytics */; };
		E066825E2C1A197300FD6DD3 /* FirebaseAuth in Frameworks */ = {isa = PBXBuildFile; productRef = E066825D2C1A197300FD6DD3 /* FirebaseAuth */; };
		E06682602C1A197300FD6DD3 /* FirebaseCrashlytics in Frameworks */ = {isa = PBXBuildFile; productRef = E066825F2C1A197300FD6DD3 /* FirebaseCrashlytics */; };
		E06682622C1A197300FD6DD3 /* FirebaseDatabase in Frameworks */ = {isa = PBXBuildFile; productRef = E06682612C1A197300FD6DD3 /* FirebaseDatabase */; };
		E06682642C1A197300FD6DD3 /* FirebaseDatabaseSwift in Frameworks */ = {isa = PBXBuildFile; productRef = E06682632C1A197300FD6DD3 /* FirebaseDatabaseSwift */; };
		E06682662C1A197300FD6DD3 /* FirebaseFirestore in Frameworks */ = {isa = PBXBuildFile; productRef = E06682652C1A197300FD6DD3 /* FirebaseFirestore */; };
		E06682682C1A197300FD6DD3 /* FirebaseFirestoreCombine-Community in Frameworks */ = {isa = PBXBuildFile; productRef = E06682672C1A197300FD6DD3 /* FirebaseFirestoreCombine-Community */; };
		E066826A2C1A197300FD6DD3 /* FirebaseFirestoreSwift in Frameworks */ = {isa = PBXBuildFile; productRef = E06682692C1A197300FD6DD3 /* FirebaseFirestoreSwift */; };
		E066826C2C1A197300FD6DD3 /* FirebaseMessaging in Frameworks */ = {isa = PBXBuildFile; productRef = E066826B2C1A197300FD6DD3 /* FirebaseMessaging */; };
		E066826E2C1A197300FD6DD3 /* FirebaseStorage in Frameworks */ = {isa = PBXBuildFile; productRef = E066826D2C1A197300FD6DD3 /* FirebaseStorage */; };
		E06682702C1A197300FD6DD3 /* FirebaseStorageCombine-Community in Frameworks */ = {isa = PBXBuildFile; productRef = E066826F2C1A197300FD6DD3 /* FirebaseStorageCombine-Community */; };
		E06682712C1A1A4B00FD6DD3 /* GoogleService-Info.plist in Resources */ = {isa = PBXBuildFile; fileRef = E06682592C1A185A00FD6DD3 /* GoogleService-Info.plist */; };
		E06682A92C28A17600FD6DD3 /* PracticeStack.swift in Sources */ = {isa = PBXBuildFile; fileRef = E06682A82C28A17600FD6DD3 /* PracticeStack.swift */; };
		E06682AB2C28A36200FD6DD3 /* PracticeStackViewModel.swift in Sources */ = {isa = PBXBuildFile; fileRef = E06682AA2C28A36200FD6DD3 /* PracticeStackViewModel.swift */; };
		E06682E72C309A3F00FD6DD3 /* DebugView.swift in Sources */ = {isa = PBXBuildFile; fileRef = E06682E62C309A3F00FD6DD3 /* DebugView.swift */; };
		E06682E92C36781400FD6DD3 /* FirebaseService.swift in Sources */ = {isa = PBXBuildFile; fileRef = E06682E82C36781400FD6DD3 /* FirebaseService.swift */; };
		E0D442972C0C2C50007D6AAF /* CDLAappSwiftUiApp.swift in Sources */ = {isa = PBXBuildFile; fileRef = E0D442962C0C2C50007D6AAF /* CDLAappSwiftUiApp.swift */; };
		E0D442992C0C2C50007D6AAF /* ContentView.swift in Sources */ = {isa = PBXBuildFile; fileRef = E0D442982C0C2C50007D6AAF /* ContentView.swift */; };
		E0D4429B2C0C2C5E007D6AAF /* Assets.xcassets in Resources */ = {isa = PBXBuildFile; fileRef = E0D4429A2C0C2C5E007D6AAF /* Assets.xcassets */; };
		E0D4429E2C0C2C5E007D6AAF /* Preview Assets.xcassets in Resources */ = {isa = PBXBuildFile; fileRef = E0D4429D2C0C2C5E007D6AAF /* Preview Assets.xcassets */; };
		E0D442A82C0C2C5E007D6AAF /* CDLAappSwiftUiTests.swift in Sources */ = {isa = PBXBuildFile; fileRef = E0D442A72C0C2C5E007D6AAF /* CDLAappSwiftUiTests.swift */; };
		E0D442B22C0C2C5E007D6AAF /* CDLAappSwiftUiUITests.swift in Sources */ = {isa = PBXBuildFile; fileRef = E0D442B12C0C2C5E007D6AAF /* CDLAappSwiftUiUITests.swift */; };
		E0D442B42C0C2C5E007D6AAF /* CDLAappSwiftUiUITestsLaunchTests.swift in Sources */ = {isa = PBXBuildFile; fileRef = E0D442B32C0C2C5E007D6AAF /* CDLAappSwiftUiUITestsLaunchTests.swift */; };
		E0D443042C102E80007D6AAF /* PracticeView.swift in Sources */ = {isa = PBXBuildFile; fileRef = E0D443032C102E80007D6AAF /* PracticeView.swift */; };
		E0D443072C102EDA007D6AAF /* PracticeModel.swift in Sources */ = {isa = PBXBuildFile; fileRef = E0D443062C102EDA007D6AAF /* PracticeModel.swift */; };
		E0D443092C114AA6007D6AAF /* ExamView.swift in Sources */ = {isa = PBXBuildFile; fileRef = E0D443082C114AA6007D6AAF /* ExamView.swift */; };
		E0E23AD52C7E635200A74747 /* Router.swift in Sources */ = {isa = PBXBuildFile; fileRef = E0E23AD42C7E635200A74747 /* Router.swift */; };
/* End PBXBuildFile section */

/* Begin PBXContainerItemProxy section */
		E0D442A42C0C2C5E007D6AAF /* PBXContainerItemProxy */ = {
			isa = PBXContainerItemProxy;
			containerPortal = E0D4428B2C0C2C50007D6AAF /* Project object */;
			proxyType = 1;
			remoteGlobalIDString = E0D442922C0C2C50007D6AAF;
			remoteInfo = CDLAappSwiftUi;
		};
		E0D442AE2C0C2C5E007D6AAF /* PBXContainerItemProxy */ = {
			isa = PBXContainerItemProxy;
			containerPortal = E0D4428B2C0C2C50007D6AAF /* Project object */;
			proxyType = 1;
			remoteGlobalIDString = E0D442922C0C2C50007D6AAF;
			remoteInfo = CDLAappSwiftUi;
		};
/* End PBXContainerItemProxy section */

/* Begin PBXFileReference section */
		E03F581D2C63ED1B00252513 /* UserDefaultsFacade.swift */ = {isa = PBXFileReference; lastKnownFileType = sourcecode.swift; path = UserDefaultsFacade.swift; sourceTree = "<group>"; };
		E06682592C1A185A00FD6DD3 /* GoogleService-Info.plist */ = {isa = PBXFileReference; lastKnownFileType = text.plist.xml; path = "GoogleService-Info.plist"; sourceTree = "<group>"; };
		E06682A82C28A17600FD6DD3 /* PracticeStack.swift */ = {isa = PBXFileReference; lastKnownFileType = sourcecode.swift; path = PracticeStack.swift; sourceTree = "<group>"; };
		E06682AA2C28A36200FD6DD3 /* PracticeStackViewModel.swift */ = {isa = PBXFileReference; lastKnownFileType = sourcecode.swift; path = PracticeStackViewModel.swift; sourceTree = "<group>"; };
		E06682E62C309A3F00FD6DD3 /* DebugView.swift */ = {isa = PBXFileReference; lastKnownFileType = sourcecode.swift; path = DebugView.swift; sourceTree = "<group>"; };
		E06682E82C36781400FD6DD3 /* FirebaseService.swift */ = {isa = PBXFileReference; lastKnownFileType = sourcecode.swift; path = FirebaseService.swift; sourceTree = "<group>"; };
		E0D442932C0C2C50007D6AAF /* CDLAappSwiftUi.app */ = {isa = PBXFileReference; explicitFileType = wrapper.application; includeInIndex = 0; path = CDLAappSwiftUi.app; sourceTree = BUILT_PRODUCTS_DIR; };
		E0D442962C0C2C50007D6AAF /* CDLAappSwiftUiApp.swift */ = {isa = PBXFileReference; lastKnownFileType = sourcecode.swift; path = CDLAappSwiftUiApp.swift; sourceTree = "<group>"; };
		E0D442982C0C2C50007D6AAF /* ContentView.swift */ = {isa = PBXFileReference; lastKnownFileType = sourcecode.swift; path = ContentView.swift; sourceTree = "<group>"; };
		E0D4429A2C0C2C5E007D6AAF /* Assets.xcassets */ = {isa = PBXFileReference; lastKnownFileType = folder.assetcatalog; path = Assets.xcassets; sourceTree = "<group>"; };
		E0D4429D2C0C2C5E007D6AAF /* Preview Assets.xcassets */ = {isa = PBXFileReference; lastKnownFileType = folder.assetcatalog; path = "Preview Assets.xcassets"; sourceTree = "<group>"; };
		E0D442A32C0C2C5E007D6AAF /* CDLAappSwiftUiTests.xctest */ = {isa = PBXFileReference; explicitFileType = wrapper.cfbundle; includeInIndex = 0; path = CDLAappSwiftUiTests.xctest; sourceTree = BUILT_PRODUCTS_DIR; };
		E0D442A72C0C2C5E007D6AAF /* CDLAappSwiftUiTests.swift */ = {isa = PBXFileReference; lastKnownFileType = sourcecode.swift; path = CDLAappSwiftUiTests.swift; sourceTree = "<group>"; };
		E0D442AD2C0C2C5E007D6AAF /* CDLAappSwiftUiUITests.xctest */ = {isa = PBXFileReference; explicitFileType = wrapper.cfbundle; includeInIndex = 0; path = CDLAappSwiftUiUITests.xctest; sourceTree = BUILT_PRODUCTS_DIR; };
		E0D442B12C0C2C5E007D6AAF /* CDLAappSwiftUiUITests.swift */ = {isa = PBXFileReference; lastKnownFileType = sourcecode.swift; path = CDLAappSwiftUiUITests.swift; sourceTree = "<group>"; };
		E0D442B32C0C2C5E007D6AAF /* CDLAappSwiftUiUITestsLaunchTests.swift */ = {isa = PBXFileReference; lastKnownFileType = sourcecode.swift; path = CDLAappSwiftUiUITestsLaunchTests.swift; sourceTree = "<group>"; };
		E0D443032C102E80007D6AAF /* PracticeView.swift */ = {isa = PBXFileReference; lastKnownFileType = sourcecode.swift; path = PracticeView.swift; sourceTree = "<group>"; };
		E0D443062C102EDA007D6AAF /* PracticeModel.swift */ = {isa = PBXFileReference; lastKnownFileType = sourcecode.swift; path = PracticeModel.swift; sourceTree = "<group>"; };
		E0D443082C114AA6007D6AAF /* ExamView.swift */ = {isa = PBXFileReference; lastKnownFileType = sourcecode.swift; path = ExamView.swift; sourceTree = "<group>"; };
		E0E23AD42C7E635200A74747 /* Router.swift */ = {isa = PBXFileReference; lastKnownFileType = sourcecode.swift; path = Router.swift; sourceTree = "<group>"; };
/* End PBXFileReference section */

/* Begin PBXFrameworksBuildPhase section */
		E0D442902C0C2C50007D6AAF /* Frameworks */ = {
			isa = PBXFrameworksBuildPhase;
			buildActionMask = 2147483647;
			files = (
				E06682702C1A197300FD6DD3 /* FirebaseStorageCombine-Community in Frameworks */,
				E066826C2C1A197300FD6DD3 /* FirebaseMessaging in Frameworks */,
				E06682642C1A197300FD6DD3 /* FirebaseDatabaseSwift in Frameworks */,
				E06682602C1A197300FD6DD3 /* FirebaseCrashlytics in Frameworks */,
				E066826E2C1A197300FD6DD3 /* FirebaseStorage in Frameworks */,
				E066825C2C1A197300FD6DD3 /* FirebaseAnalytics in Frameworks */,
				E06682622C1A197300FD6DD3 /* FirebaseDatabase in Frameworks */,
				E066825E2C1A197300FD6DD3 /* FirebaseAuth in Frameworks */,
				E06682662C1A197300FD6DD3 /* FirebaseFirestore in Frameworks */,
				E06682682C1A197300FD6DD3 /* FirebaseFirestoreCombine-Community in Frameworks */,
				E066826A2C1A197300FD6DD3 /* FirebaseFirestoreSwift in Frameworks */,
			);
			runOnlyForDeploymentPostprocessing = 0;
		};
		E0D442A02C0C2C5E007D6AAF /* Frameworks */ = {
			isa = PBXFrameworksBuildPhase;
			buildActionMask = 2147483647;
			files = (
			);
			runOnlyForDeploymentPostprocessing = 0;
		};
		E0D442AA2C0C2C5E007D6AAF /* Frameworks */ = {
			isa = PBXFrameworksBuildPhase;
			buildActionMask = 2147483647;
			files = (
			);
			runOnlyForDeploymentPostprocessing = 0;
		};
/* End PBXFrameworksBuildPhase section */

/* Begin PBXGroup section */
		E0D4428A2C0C2C50007D6AAF = {
			isa = PBXGroup;
			children = (
				E0D442952C0C2C50007D6AAF /* CDLAappSwiftUi */,
				E0D442A62C0C2C5E007D6AAF /* CDLAappSwiftUiTests */,
				E0D442B02C0C2C5E007D6AAF /* CDLAappSwiftUiUITests */,
				E0D442942C0C2C50007D6AAF /* Products */,
			);
			sourceTree = "<group>";
		};
		E0D442942C0C2C50007D6AAF /* Products */ = {
			isa = PBXGroup;
			children = (
				E0D442932C0C2C50007D6AAF /* CDLAappSwiftUi.app */,
				E0D442A32C0C2C5E007D6AAF /* CDLAappSwiftUiTests.xctest */,
				E0D442AD2C0C2C5E007D6AAF /* CDLAappSwiftUiUITests.xctest */,
			);
			name = Products;
			sourceTree = "<group>";
		};
		E0D442952C0C2C50007D6AAF /* CDLAappSwiftUi */ = {
			isa = PBXGroup;
			children = (
				E06682592C1A185A00FD6DD3 /* GoogleService-Info.plist */,
				E0D443052C102EBC007D6AAF /* Models */,
				E0D443022C102E5E007D6AAF /* Screens */,
				E0D442962C0C2C50007D6AAF /* CDLAappSwiftUiApp.swift */,
				E0D4429A2C0C2C5E007D6AAF /* Assets.xcassets */,
				E0D4429C2C0C2C5E007D6AAF /* Preview Content */,
			);
			path = CDLAappSwiftUi;
			sourceTree = "<group>";
		};
		E0D4429C2C0C2C5E007D6AAF /* Preview Content */ = {
			isa = PBXGroup;
			children = (
				E0D4429D2C0C2C5E007D6AAF /* Preview Assets.xcassets */,
			);
			path = "Preview Content";
			sourceTree = "<group>";
		};
		E0D442A62C0C2C5E007D6AAF /* CDLAappSwiftUiTests */ = {
			isa = PBXGroup;
			children = (
				E0D442A72C0C2C5E007D6AAF /* CDLAappSwiftUiTests.swift */,
			);
			path = CDLAappSwiftUiTests;
			sourceTree = "<group>";
		};
		E0D442B02C0C2C5E007D6AAF /* CDLAappSwiftUiUITests */ = {
			isa = PBXGroup;
			children = (
				E0D442B12C0C2C5E007D6AAF /* CDLAappSwiftUiUITests.swift */,
				E0D442B32C0C2C5E007D6AAF /* CDLAappSwiftUiUITestsLaunchTests.swift */,
			);
			path = CDLAappSwiftUiUITests;
			sourceTree = "<group>";
		};
		E0D443022C102E5E007D6AAF /* Screens */ = {
			isa = PBXGroup;
			children = (
				E0D442982C0C2C50007D6AAF /* ContentView.swift */,
				E0D443032C102E80007D6AAF /* PracticeView.swift */,
				E0D443082C114AA6007D6AAF /* ExamView.swift */,
				E06682A82C28A17600FD6DD3 /* PracticeStack.swift */,
				E06682AA2C28A36200FD6DD3 /* PracticeStackViewModel.swift */,
				E06682E62C309A3F00FD6DD3 /* DebugView.swift */,
			);
			path = Screens;
			sourceTree = "<group>";
		};
		E0D443052C102EBC007D6AAF /* Models */ = {
			isa = PBXGroup;
			children = (
				E0D443062C102EDA007D6AAF /* PracticeModel.swift */,
				E06682E82C36781400FD6DD3 /* FirebaseService.swift */,
				E03F581D2C63ED1B00252513 /* UserDefaultsFacade.swift */,
				E0E23AD42C7E635200A74747 /* Router.swift */,
			);
			path = Models;
			sourceTree = "<group>";
		};
/* End PBXGroup section */

/* Begin PBXNativeTarget section */
		E0D442922C0C2C50007D6AAF /* CDLAappSwiftUi */ = {
			isa = PBXNativeTarget;
			buildConfigurationList = E0D442B72C0C2C5E007D6AAF /* Build configuration list for PBXNativeTarget "CDLAappSwiftUi" */;
			buildPhases = (
				E0D4428F2C0C2C50007D6AAF /* Sources */,
				E0D442902C0C2C50007D6AAF /* Frameworks */,
				E0D442912C0C2C50007D6AAF /* Resources */,
			);
			buildRules = (
			);
			dependencies = (
			);
			name = CDLAappSwiftUi;
			packageProductDependencies = (
				E066825B2C1A197300FD6DD3 /* FirebaseAnalytics */,
				E066825D2C1A197300FD6DD3 /* FirebaseAuth */,
				E066825F2C1A197300FD6DD3 /* FirebaseCrashlytics */,
				E06682612C1A197300FD6DD3 /* FirebaseDatabase */,
				E06682632C1A197300FD6DD3 /* FirebaseDatabaseSwift */,
				E06682652C1A197300FD6DD3 /* FirebaseFirestore */,
				E06682672C1A197300FD6DD3 /* FirebaseFirestoreCombine-Community */,
				E06682692C1A197300FD6DD3 /* FirebaseFirestoreSwift */,
				E066826B2C1A197300FD6DD3 /* FirebaseMessaging */,
				E066826D2C1A197300FD6DD3 /* FirebaseStorage */,
				E066826F2C1A197300FD6DD3 /* FirebaseStorageCombine-Community */,
			);
			productName = CDLAappSwiftUi;
			productReference = E0D442932C0C2C50007D6AAF /* CDLAappSwiftUi.app */;
			productType = "com.apple.product-type.application";
		};
		E0D442A22C0C2C5E007D6AAF /* CDLAappSwiftUiTests */ = {
			isa = PBXNativeTarget;
			buildConfigurationList = E0D442BA2C0C2C5E007D6AAF /* Build configuration list for PBXNativeTarget "CDLAappSwiftUiTests" */;
			buildPhases = (
				E0D4429F2C0C2C5E007D6AAF /* Sources */,
				E0D442A02C0C2C5E007D6AAF /* Frameworks */,
				E0D442A12C0C2C5E007D6AAF /* Resources */,
			);
			buildRules = (
			);
			dependencies = (
				E0D442A52C0C2C5E007D6AAF /* PBXTargetDependency */,
			);
			name = CDLAappSwiftUiTests;
			productName = CDLAappSwiftUiTests;
			productReference = E0D442A32C0C2C5E007D6AAF /* CDLAappSwiftUiTests.xctest */;
			productType = "com.apple.product-type.bundle.unit-test";
		};
		E0D442AC2C0C2C5E007D6AAF /* CDLAappSwiftUiUITests */ = {
			isa = PBXNativeTarget;
			buildConfigurationList = E0D442BD2C0C2C5E007D6AAF /* Build configuration list for PBXNativeTarget "CDLAappSwiftUiUITests" */;
			buildPhases = (
				E0D442A92C0C2C5E007D6AAF /* Sources */,
				E0D442AA2C0C2C5E007D6AAF /* Frameworks */,
				E0D442AB2C0C2C5E007D6AAF /* Resources */,
			);
			buildRules = (
			);
			dependencies = (
				E0D442AF2C0C2C5E007D6AAF /* PBXTargetDependency */,
			);
			name = CDLAappSwiftUiUITests;
			productName = CDLAappSwiftUiUITests;
			productReference = E0D442AD2C0C2C5E007D6AAF /* CDLAappSwiftUiUITests.xctest */;
			productType = "com.apple.product-type.bundle.ui-testing";
		};
/* End PBXNativeTarget section */

/* Begin PBXProject section */
		E0D4428B2C0C2C50007D6AAF /* Project object */ = {
			isa = PBXProject;
			attributes = {
				BuildIndependentTargetsInParallel = 1;
				LastSwiftUpdateCheck = 1530;
				LastUpgradeCheck = 1530;
				TargetAttributes = {
					E0D442922C0C2C50007D6AAF = {
						CreatedOnToolsVersion = 15.3;
					};
					E0D442A22C0C2C5E007D6AAF = {
						CreatedOnToolsVersion = 15.3;
						TestTargetID = E0D442922C0C2C50007D6AAF;
					};
					E0D442AC2C0C2C5E007D6AAF = {
						CreatedOnToolsVersion = 15.3;
						TestTargetID = E0D442922C0C2C50007D6AAF;
					};
				};
			};
			buildConfigurationList = E0D4428E2C0C2C50007D6AAF /* Build configuration list for PBXProject "CDLAappSwiftUi" */;
			compatibilityVersion = "Xcode 14.0";
			developmentRegion = en;
			hasScannedForEncodings = 0;
			knownRegions = (
				en,
				Base,
			);
			mainGroup = E0D4428A2C0C2C50007D6AAF;
			packageReferences = (
				E066825A2C1A197300FD6DD3 /* XCRemoteSwiftPackageReference "firebase-ios-sdk" */,
			);
			productRefGroup = E0D442942C0C2C50007D6AAF /* Products */;
			projectDirPath = "";
			projectRoot = "";
			targets = (
				E0D442922C0C2C50007D6AAF /* CDLAappSwiftUi */,
				E0D442A22C0C2C5E007D6AAF /* CDLAappSwiftUiTests */,
				E0D442AC2C0C2C5E007D6AAF /* CDLAappSwiftUiUITests */,
			);
		};
/* End PBXProject section */

/* Begin PBXResourcesBuildPhase section */
		E0D442912C0C2C50007D6AAF /* Resources */ = {
			isa = PBXResourcesBuildPhase;
			buildActionMask = 2147483647;
			files = (
				E0D4429E2C0C2C5E007D6AAF /* Preview Assets.xcassets in Resources */,
				E0D4429B2C0C2C5E007D6AAF /* Assets.xcassets in Resources */,
				E06682712C1A1A4B00FD6DD3 /* GoogleService-Info.plist in Resources */,
			);
			runOnlyForDeploymentPostprocessing = 0;
		};
		E0D442A12C0C2C5E007D6AAF /* Resources */ = {
			isa = PBXResourcesBuildPhase;
			buildActionMask = 2147483647;
			files = (
			);
			runOnlyForDeploymentPostprocessing = 0;
		};
		E0D442AB2C0C2C5E007D6AAF /* Resources */ = {
			isa = PBXResourcesBuildPhase;
			buildActionMask = 2147483647;
			files = (
			);
			runOnlyForDeploymentPostprocessing = 0;
		};
/* End PBXResourcesBuildPhase section */

/* Begin PBXSourcesBuildPhase section */
		E0D4428F2C0C2C50007D6AAF /* Sources */ = {
			isa = PBXSourcesBuildPhase;
			buildActionMask = 2147483647;
			files = (
				E0E23AD52C7E635200A74747 /* Router.swift in Sources */,
				E0D442992C0C2C50007D6AAF /* ContentView.swift in Sources */,
				E06682A92C28A17600FD6DD3 /* PracticeStack.swift in Sources */,
				E06682AB2C28A36200FD6DD3 /* PracticeStackViewModel.swift in Sources */,
				E0D443042C102E80007D6AAF /* PracticeView.swift in Sources */,
				E03F581E2C63ED1B00252513 /* UserDefaultsFacade.swift in Sources */,
				E06682E72C309A3F00FD6DD3 /* DebugView.swift in Sources */,
				E0D443072C102EDA007D6AAF /* PracticeModel.swift in Sources */,
				E06682E92C36781400FD6DD3 /* FirebaseService.swift in Sources */,
				E0D443092C114AA6007D6AAF /* ExamView.swift in Sources */,
				E0D442972C0C2C50007D6AAF /* CDLAappSwiftUiApp.swift in Sources */,
			);
			runOnlyForDeploymentPostprocessing = 0;
		};
		E0D4429F2C0C2C5E007D6AAF /* Sources */ = {
			isa = PBXSourcesBuildPhase;
			buildActionMask = 2147483647;
			files = (
				E0D442A82C0C2C5E007D6AAF /* CDLAappSwiftUiTests.swift in Sources */,
			);
			runOnlyForDeploymentPostprocessing = 0;
		};
		E0D442A92C0C2C5E007D6AAF /* Sources */ = {
			isa = PBXSourcesBuildPhase;
			buildActionMask = 2147483647;
			files = (
				E0D442B42C0C2C5E007D6AAF /* CDLAappSwiftUiUITestsLaunchTests.swift in Sources */,
				E0D442B22C0C2C5E007D6AAF /* CDLAappSwiftUiUITests.swift in Sources */,
			);
			runOnlyForDeploymentPostprocessing = 0;
		};
/* End PBXSourcesBuildPhase section */

/* Begin PBXTargetDependency section */
		E0D442A52C0C2C5E007D6AAF /* PBXTargetDependency */ = {
			isa = PBXTargetDependency;
			target = E0D442922C0C2C50007D6AAF /* CDLAappSwiftUi */;
			targetProxy = E0D442A42C0C2C5E007D6AAF /* PBXContainerItemProxy */;
		};
		E0D442AF2C0C2C5E007D6AAF /* PBXTargetDependency */ = {
			isa = PBXTargetDependency;
			target = E0D442922C0C2C50007D6AAF /* CDLAappSwiftUi */;
			targetProxy = E0D442AE2C0C2C5E007D6AAF /* PBXContainerItemProxy */;
		};
/* End PBXTargetDependency section */

/* Begin XCBuildConfiguration section */
		E0D442B52C0C2C5E007D6AAF /* Debug */ = {
			isa = XCBuildConfiguration;
			buildSettings = {
				ALWAYS_SEARCH_USER_PATHS = NO;
				ASSETCATALOG_COMPILER_GENERATE_SWIFT_ASSET_SYMBOL_EXTENSIONS = YES;
				CLANG_ANALYZER_NONNULL = YES;
				CLANG_ANALYZER_NUMBER_OBJECT_CONVERSION = YES_AGGRESSIVE;
				CLANG_CXX_LANGUAGE_STANDARD = "gnu++20";
				CLANG_ENABLE_MODULES = YES;
				CLANG_ENABLE_OBJC_ARC = YES;
				CLANG_ENABLE_OBJC_WEAK = YES;
				CLANG_WARN_BLOCK_CAPTURE_AUTORELEASING = YES;
				CLANG_WARN_BOOL_CONVERSION = YES;
				CLANG_WARN_COMMA = YES;
				CLANG_WARN_CONSTANT_CONVERSION = YES;
				CLANG_WARN_DEPRECATED_OBJC_IMPLEMENTATIONS = YES;
				CLANG_WARN_DIRECT_OBJC_ISA_USAGE = YES_ERROR;
				CLANG_WARN_DOCUMENTATION_COMMENTS = YES;
				CLANG_WARN_EMPTY_BODY = YES;
				CLANG_WARN_ENUM_CONVERSION = YES;
				CLANG_WARN_INFINITE_RECURSION = YES;
				CLANG_WARN_INT_CONVERSION = YES;
				CLANG_WARN_NON_LITERAL_NULL_CONVERSION = YES;
				CLANG_WARN_OBJC_IMPLICIT_RETAIN_SELF = YES;
				CLANG_WARN_OBJC_LITERAL_CONVERSION = YES;
				CLANG_WARN_OBJC_ROOT_CLASS = YES_ERROR;
				CLANG_WARN_QUOTED_INCLUDE_IN_FRAMEWORK_HEADER = YES;
				CLANG_WARN_RANGE_LOOP_ANALYSIS = YES;
				CLANG_WARN_STRICT_PROTOTYPES = YES;
				CLANG_WARN_SUSPICIOUS_MOVE = YES;
				CLANG_WARN_UNGUARDED_AVAILABILITY = YES_AGGRESSIVE;
				CLANG_WARN_UNREACHABLE_CODE = YES;
				CLANG_WARN__DUPLICATE_METHOD_MATCH = YES;
				COPY_PHASE_STRIP = NO;
				DEBUG_INFORMATION_FORMAT = dwarf;
				ENABLE_STRICT_OBJC_MSGSEND = YES;
				ENABLE_TESTABILITY = YES;
				ENABLE_USER_SCRIPT_SANDBOXING = YES;
				GCC_C_LANGUAGE_STANDARD = gnu17;
				GCC_DYNAMIC_NO_PIC = NO;
				GCC_NO_COMMON_BLOCKS = YES;
				GCC_OPTIMIZATION_LEVEL = 0;
				GCC_PREPROCESSOR_DEFINITIONS = (
					"DEBUG=1",
					"$(inherited)",
				);
				GCC_WARN_64_TO_32_BIT_CONVERSION = YES;
				GCC_WARN_ABOUT_RETURN_TYPE = YES_ERROR;
				GCC_WARN_UNDECLARED_SELECTOR = YES;
				GCC_WARN_UNINITIALIZED_AUTOS = YES_AGGRESSIVE;
				GCC_WARN_UNUSED_FUNCTION = YES;
				GCC_WARN_UNUSED_VARIABLE = YES;
				IPHONEOS_DEPLOYMENT_TARGET = 17.5;
				LOCALIZATION_PREFERS_STRING_CATALOGS = YES;
				MTL_ENABLE_DEBUG_INFO = INCLUDE_SOURCE;
				MTL_FAST_MATH = YES;
				ONLY_ACTIVE_ARCH = YES;
				SDKROOT = iphoneos;
				SWIFT_ACTIVE_COMPILATION_CONDITIONS = "DEBUG $(inherited)";
				SWIFT_OPTIMIZATION_LEVEL = "-Onone";
			};
			name = Debug;
		};
		E0D442B62C0C2C5E007D6AAF /* Release */ = {
			isa = XCBuildConfiguration;
			buildSettings = {
				ALWAYS_SEARCH_USER_PATHS = NO;
				ASSETCATALOG_COMPILER_GENERATE_SWIFT_ASSET_SYMBOL_EXTENSIONS = YES;
				CLANG_ANALYZER_NONNULL = YES;
				CLANG_ANALYZER_NUMBER_OBJECT_CONVERSION = YES_AGGRESSIVE;
				CLANG_CXX_LANGUAGE_STANDARD = "gnu++20";
				CLANG_ENABLE_MODULES = YES;
				CLANG_ENABLE_OBJC_ARC = YES;
				CLANG_ENABLE_OBJC_WEAK = YES;
				CLANG_WARN_BLOCK_CAPTURE_AUTORELEASING = YES;
				CLANG_WARN_BOOL_CONVERSION = YES;
				CLANG_WARN_COMMA = YES;
				CLANG_WARN_CONSTANT_CONVERSION = YES;
				CLANG_WARN_DEPRECATED_OBJC_IMPLEMENTATIONS = YES;
				CLANG_WARN_DIRECT_OBJC_ISA_USAGE = YES_ERROR;
				CLANG_WARN_DOCUMENTATION_COMMENTS = YES;
				CLANG_WARN_EMPTY_BODY = YES;
				CLANG_WARN_ENUM_CONVERSION = YES;
				CLANG_WARN_INFINITE_RECURSION = YES;
				CLANG_WARN_INT_CONVERSION = YES;
				CLANG_WARN_NON_LITERAL_NULL_CONVERSION = YES;
				CLANG_WARN_OBJC_IMPLICIT_RETAIN_SELF = YES;
				CLANG_WARN_OBJC_LITERAL_CONVERSION = YES;
				CLANG_WARN_OBJC_ROOT_CLASS = YES_ERROR;
				CLANG_WARN_QUOTED_INCLUDE_IN_FRAMEWORK_HEADER = YES;
				CLANG_WARN_RANGE_LOOP_ANALYSIS = YES;
				CLANG_WARN_STRICT_PROTOTYPES = YES;
				CLANG_WARN_SUSPICIOUS_MOVE = YES;
				CLANG_WARN_UNGUARDED_AVAILABILITY = YES_AGGRESSIVE;
				CLANG_WARN_UNREACHABLE_CODE = YES;
				CLANG_WARN__DUPLICATE_METHOD_MATCH = YES;
				COPY_PHASE_STRIP = NO;
				DEBUG_INFORMATION_FORMAT = "dwarf-with-dsym";
				ENABLE_NS_ASSERTIONS = NO;
				ENABLE_STRICT_OBJC_MSGSEND = YES;
				ENABLE_USER_SCRIPT_SANDBOXING = YES;
				GCC_C_LANGUAGE_STANDARD = gnu17;
				GCC_NO_COMMON_BLOCKS = YES;
				GCC_WARN_64_TO_32_BIT_CONVERSION = YES;
				GCC_WARN_ABOUT_RETURN_TYPE = YES_ERROR;
				GCC_WARN_UNDECLARED_SELECTOR = YES;
				GCC_WARN_UNINITIALIZED_AUTOS = YES_AGGRESSIVE;
				GCC_WARN_UNUSED_FUNCTION = YES;
				GCC_WARN_UNUSED_VARIABLE = YES;
				IPHONEOS_DEPLOYMENT_TARGET = 17.5;
				LOCALIZATION_PREFERS_STRING_CATALOGS = YES;
				MTL_ENABLE_DEBUG_INFO = NO;
				MTL_FAST_MATH = YES;
				SDKROOT = iphoneos;
				SWIFT_COMPILATION_MODE = wholemodule;
				VALIDATE_PRODUCT = YES;
			};
			name = Release;
		};
		E0D442B82C0C2C5E007D6AAF /* Debug */ = {
			isa = XCBuildConfiguration;
			buildSettings = {
				ASSETCATALOG_COMPILER_APPICON_NAME = AppIcon;
				ASSETCATALOG_COMPILER_GLOBAL_ACCENT_COLOR_NAME = AccentColor;
				CODE_SIGN_STYLE = Automatic;
				CURRENT_PROJECT_VERSION = 1;
				DEVELOPMENT_ASSET_PATHS = "\"CDLAappSwiftUi/Preview Content\"";
				DEVELOPMENT_TEAM = "";
				ENABLE_PREVIEWS = YES;
				GENERATE_INFOPLIST_FILE = YES;
				INFOPLIST_KEY_UIApplicationSceneManifest_Generation = YES;
				INFOPLIST_KEY_UIApplicationSupportsIndirectInputEvents = YES;
				INFOPLIST_KEY_UILaunchScreen_Generation = YES;
				INFOPLIST_KEY_UISupportedInterfaceOrientations_iPad = "UIInterfaceOrientationPortrait UIInterfaceOrientationPortraitUpsideDown UIInterfaceOrientationLandscapeLeft UIInterfaceOrientationLandscapeRight";
				INFOPLIST_KEY_UISupportedInterfaceOrientations_iPhone = "UIInterfaceOrientationPortrait UIInterfaceOrientationLandscapeLeft UIInterfaceOrientationLandscapeRight";
				IPHONEOS_DEPLOYMENT_TARGET = 17.5;
				LD_RUNPATH_SEARCH_PATHS = (
					"$(inherited)",
					"@executable_path/Frameworks",
				);
				MARKETING_VERSION = 1.0;
				PRODUCT_BUNDLE_IDENTIFIER = fd.CDLAappSwiftUi;
				PRODUCT_NAME = "$(TARGET_NAME)";
				SWIFT_EMIT_LOC_STRINGS = YES;
				SWIFT_VERSION = 5.0;
				TARGETED_DEVICE_FAMILY = "1,2";
			};
			name = Debug;
		};
		E0D442B92C0C2C5E007D6AAF /* Release */ = {
			isa = XCBuildConfiguration;
			buildSettings = {
				ASSETCATALOG_COMPILER_APPICON_NAME = AppIcon;
				ASSETCATALOG_COMPILER_GLOBAL_ACCENT_COLOR_NAME = AccentColor;
				CODE_SIGN_STYLE = Manual;
				CURRENT_PROJECT_VERSION = 1;
				DEVELOPMENT_ASSET_PATHS = "\"CDLAappSwiftUi/Preview Content\"";
				DEVELOPMENT_TEAM = "";
				ENABLE_PREVIEWS = YES;
				GENERATE_INFOPLIST_FILE = YES;
				INFOPLIST_KEY_UIApplicationSceneManifest_Generation = YES;
				INFOPLIST_KEY_UIApplicationSupportsIndirectInputEvents = YES;
				INFOPLIST_KEY_UILaunchScreen_Generation = YES;
				INFOPLIST_KEY_UISupportedInterfaceOrientations_iPad = "UIInterfaceOrientationPortrait UIInterfaceOrientationPortraitUpsideDown UIInterfaceOrientationLandscapeLeft UIInterfaceOrientationLandscapeRight";
				INFOPLIST_KEY_UISupportedInterfaceOrientations_iPhone = "UIInterfaceOrientationPortrait UIInterfaceOrientationLandscapeLeft UIInterfaceOrientationLandscapeRight";
				IPHONEOS_DEPLOYMENT_TARGET = 17.5;
				LD_RUNPATH_SEARCH_PATHS = (
					"$(inherited)",
					"@executable_path/Frameworks",
				);
				MARKETING_VERSION = 1.0;
				PRODUCT_BUNDLE_IDENTIFIER = fd.CDLAappSwiftUi;
				PRODUCT_NAME = "$(TARGET_NAME)";
				PROVISIONING_PROFILE_SPECIFIER = "";
				SWIFT_EMIT_LOC_STRINGS = YES;
				SWIFT_VERSION = 5.0;
				TARGETED_DEVICE_FAMILY = "1,2";
			};
			name = Release;
		};
		E0D442BB2C0C2C5E007D6AAF /* Debug */ = {
			isa = XCBuildConfiguration;
			buildSettings = {
				ALWAYS_EMBED_SWIFT_STANDARD_LIBRARIES = YES;
				BUNDLE_LOADER = "$(TEST_HOST)";
				CODE_SIGN_STYLE = Automatic;
				CURRENT_PROJECT_VERSION = 1;
				GENERATE_INFOPLIST_FILE = YES;
				IPHONEOS_DEPLOYMENT_TARGET = 17.5;
				MARKETING_VERSION = 1.0;
				PRODUCT_BUNDLE_IDENTIFIER = fd.CDLAappSwiftUiTests;
				PRODUCT_NAME = "$(TARGET_NAME)";
				SWIFT_EMIT_LOC_STRINGS = NO;
				SWIFT_VERSION = 5.0;
				TARGETED_DEVICE_FAMILY = "1,2";
				TEST_HOST = "$(BUILT_PRODUCTS_DIR)/CDLAappSwiftUi.app/$(BUNDLE_EXECUTABLE_FOLDER_PATH)/CDLAappSwiftUi";
			};
			name = Debug;
		};
		E0D442BC2C0C2C5E007D6AAF /* Release */ = {
			isa = XCBuildConfiguration;
			buildSettings = {
				ALWAYS_EMBED_SWIFT_STANDARD_LIBRARIES = YES;
				BUNDLE_LOADER = "$(TEST_HOST)";
				CODE_SIGN_STYLE = Automatic;
				CURRENT_PROJECT_VERSION = 1;
				GENERATE_INFOPLIST_FILE = YES;
				IPHONEOS_DEPLOYMENT_TARGET = 17.5;
				MARKETING_VERSION = 1.0;
				PRODUCT_BUNDLE_IDENTIFIER = fd.CDLAappSwiftUiTests;
				PRODUCT_NAME = "$(TARGET_NAME)";
				SWIFT_EMIT_LOC_STRINGS = NO;
				SWIFT_VERSION = 5.0;
				TARGETED_DEVICE_FAMILY = "1,2";
				TEST_HOST = "$(BUILT_PRODUCTS_DIR)/CDLAappSwiftUi.app/$(BUNDLE_EXECUTABLE_FOLDER_PATH)/CDLAappSwiftUi";
			};
			name = Release;
		};
		E0D442BE2C0C2C5E007D6AAF /* Debug */ = {
			isa = XCBuildConfiguration;
			buildSettings = {
				ALWAYS_EMBED_SWIFT_STANDARD_LIBRARIES = YES;
				CODE_SIGN_STYLE = Automatic;
				CURRENT_PROJECT_VERSION = 1;
				DEVELOPMENT_TEAM = YD99927H62;
				GENERATE_INFOPLIST_FILE = YES;
				IPHONEOS_DEPLOYMENT_TARGET = 17.5;
				MARKETING_VERSION = 1.0;
				PRODUCT_BUNDLE_IDENTIFIER = fd.CDLAappSwiftUiUITests;
				PRODUCT_NAME = "$(TARGET_NAME)";
				SWIFT_EMIT_LOC_STRINGS = NO;
				SWIFT_VERSION = 5.0;
				TARGETED_DEVICE_FAMILY = "1,2";
				TEST_TARGET_NAME = CDLAappSwiftUi;
			};
			name = Debug;
		};
		E0D442BF2C0C2C5E007D6AAF /* Release */ = {
			isa = XCBuildConfiguration;
			buildSettings = {
				ALWAYS_EMBED_SWIFT_STANDARD_LIBRARIES = YES;
				CODE_SIGN_STYLE = Automatic;
				CURRENT_PROJECT_VERSION = 1;
				DEVELOPMENT_TEAM = "";
				GENERATE_INFOPLIST_FILE = YES;
				IPHONEOS_DEPLOYMENT_TARGET = 17.5;
				MARKETING_VERSION = 1.0;
				PRODUCT_BUNDLE_IDENTIFIER = fd.CDLAappSwiftUiUITests;
				PRODUCT_NAME = "$(TARGET_NAME)";
				SWIFT_EMIT_LOC_STRINGS = NO;
				SWIFT_VERSION = 5.0;
				TARGETED_DEVICE_FAMILY = "1,2";
				TEST_TARGET_NAME = CDLAappSwiftUi;
			};
			name = Release;
		};
/* End XCBuildConfiguration section */

/* Begin XCConfigurationList section */
		E0D4428E2C0C2C50007D6AAF /* Build configuration list for PBXProject "CDLAappSwiftUi" */ = {
			isa = XCConfigurationList;
			buildConfigurations = (
				E0D442B52C0C2C5E007D6AAF /* Debug */,
				E0D442B62C0C2C5E007D6AAF /* Release */,
			);
			defaultConfigurationIsVisible = 0;
			defaultConfigurationName = Release;
		};
		E0D442B72C0C2C5E007D6AAF /* Build configuration list for PBXNativeTarget "CDLAappSwiftUi" */ = {
			isa = XCConfigurationList;
			buildConfigurations = (
				E0D442B82C0C2C5E007D6AAF /* Debug */,
				E0D442B92C0C2C5E007D6AAF /* Release */,
			);
			defaultConfigurationIsVisible = 0;
			defaultConfigurationName = Release;
		};
		E0D442BA2C0C2C5E007D6AAF /* Build configuration list for PBXNativeTarget "CDLAappSwiftUiTests" */ = {
			isa = XCConfigurationList;
			buildConfigurations = (
				E0D442BB2C0C2C5E007D6AAF /* Debug */,
				E0D442BC2C0C2C5E007D6AAF /* Release */,
			);
			defaultConfigurationIsVisible = 0;
			defaultConfigurationName = Release;
		};
		E0D442BD2C0C2C5E007D6AAF /* Build configuration list for PBXNativeTarget "CDLAappSwiftUiUITests" */ = {
			isa = XCConfigurationList;
			buildConfigurations = (
				E0D442BE2C0C2C5E007D6AAF /* Debug */,
				E0D442BF2C0C2C5E007D6AAF /* Release */,
			);
			defaultConfigurationIsVisible = 0;
			defaultConfigurationName = Release;
		};
/* End XCConfigurationList section */

/* Begin XCRemoteSwiftPackageReference section */
		E066825A2C1A197300FD6DD3 /* XCRemoteSwiftPackageReference "firebase-ios-sdk" */ = {
			isa = XCRemoteSwiftPackageReference;
			repositoryURL = "https://github.com/firebase/firebase-ios-sdk";
			requirement = {
				kind = upToNextMajorVersion;
				minimumVersion = 10.27.0;
			};
		};
/* End XCRemoteSwiftPackageReference section */

/* Begin XCSwiftPackageProductDependency section */
		E066825B2C1A197300FD6DD3 /* FirebaseAnalytics */ = {
			isa = XCSwiftPackageProductDependency;
			package = E066825A2C1A197300FD6DD3 /* XCRemoteSwiftPackageReference "firebase-ios-sdk" */;
			productName = FirebaseAnalytics;
		};
		E066825D2C1A197300FD6DD3 /* FirebaseAuth */ = {
			isa = XCSwiftPackageProductDependency;
			package = E066825A2C1A197300FD6DD3 /* XCRemoteSwiftPackageReference "firebase-ios-sdk" */;
			productName = FirebaseAuth;
		};
		E066825F2C1A197300FD6DD3 /* FirebaseCrashlytics */ = {
			isa = XCSwiftPackageProductDependency;
			package = E066825A2C1A197300FD6DD3 /* XCRemoteSwiftPackageReference "firebase-ios-sdk" */;
			productName = FirebaseCrashlytics;
		};
		E06682612C1A197300FD6DD3 /* FirebaseDatabase */ = {
			isa = XCSwiftPackageProductDependency;
			package = E066825A2C1A197300FD6DD3 /* XCRemoteSwiftPackageReference "firebase-ios-sdk" */;
			productName = FirebaseDatabase;
		};
		E06682632C1A197300FD6DD3 /* FirebaseDatabaseSwift */ = {
			isa = XCSwiftPackageProductDependency;
			package = E066825A2C1A197300FD6DD3 /* XCRemoteSwiftPackageReference "firebase-ios-sdk" */;
			productName = FirebaseDatabaseSwift;
		};
		E06682652C1A197300FD6DD3 /* FirebaseFirestore */ = {
			isa = XCSwiftPackageProductDependency;
			package = E066825A2C1A197300FD6DD3 /* XCRemoteSwiftPackageReference "firebase-ios-sdk" */;
			productName = FirebaseFirestore;
		};
		E06682672C1A197300FD6DD3 /* FirebaseFirestoreCombine-Community */ = {
			isa = XCSwiftPackageProductDependency;
			package = E066825A2C1A197300FD6DD3 /* XCRemoteSwiftPackageReference "firebase-ios-sdk" */;
			productName = "FirebaseFirestoreCombine-Community";
		};
		E06682692C1A197300FD6DD3 /* FirebaseFirestoreSwift */ = {
			isa = XCSwiftPackageProductDependency;
			package = E066825A2C1A197300FD6DD3 /* XCRemoteSwiftPackageReference "firebase-ios-sdk" */;
			productName = FirebaseFirestoreSwift;
		};
		E066826B2C1A197300FD6DD3 /* FirebaseMessaging */ = {
			isa = XCSwiftPackageProductDependency;
			package = E066825A2C1A197300FD6DD3 /* XCRemoteSwiftPackageReference "firebase-ios-sdk" */;
			productName = FirebaseMessaging;
		};
		E066826D2C1A197300FD6DD3 /* FirebaseStorage */ = {
			isa = XCSwiftPackageProductDependency;
			package = E066825A2C1A197300FD6DD3 /* XCRemoteSwiftPackageReference "firebase-ios-sdk" */;
			productName = FirebaseStorage;
		};
		E066826F2C1A197300FD6DD3 /* FirebaseStorageCombine-Community */ = {
			isa = XCSwiftPackageProductDependency;
			package = E066825A2C1A197300FD6DD3 /* XCRemoteSwiftPackageReference "firebase-ios-sdk" */;
			productName = "FirebaseStorageCombine-Community";
		};
/* End XCSwiftPackageProductDependency section */
	};
	rootObject = E0D4428B2C0C2C50007D6AAF /* Project object */;
}
