// !$*UTF8*$!
{
	archiveVersion = 1;
	classes = {
	};
	objectVersion = 56;
	objects = {

/* Begin PBXBuildFile section */
		E0D442972C0C2C50007D6AAF /* CDLAappSwiftUiApp.swift in Sources */ = {isa = PBXBuildFile; fileRef = E0D442962C0C2C50007D6AAF /* CDLAappSwiftUiApp.swift */; };
		E0D442992C0C2C50007D6AAF /* ContentView.swift in Sources */ = {isa = PBXBuildFile; fileRef = E0D442982C0C2C50007D6AAF /* ContentView.swift */; };
		E0D4429B2C0C2C5E007D6AAF /* Assets.xcassets in Resources */ = {isa = PBXBuildFile; fileRef = E0D4429A2C0C2C5E007D6AAF /* Assets.xcassets */; };
		E0D4429E2C0C2C5E007D6AAF /* Preview Assets.xcassets in Resources */ = {isa = PBXBuildFile; fileRef = E0D4429D2C0C2C5E007D6AAF /* Preview Assets.xcassets */; };
		E0D442A82C0C2C5E007D6AAF /* CDLAappSwiftUiTests.swift in Sources */ = {isa = PBXBuildFile; fileRef = E0D442A72C0C2C5E007D6AAF /* CDLAappSwiftUiTests.swift */; };
		E0D442B22C0C2C5E007D6AAF /* CDLAappSwiftUiUITests.swift in Sources */ = {isa = PBXBuildFile; fileRef = E0D442B12C0C2C5E007D6AAF /* CDLAappSwiftUiUITests.swift */; };
		E0D442B42C0C2C5E007D6AAF /* CDLAappSwiftUiUITestsLaunchTests.swift in Sources */ = {isa = PBXBuildFile; fileRef = E0D442B32C0C2C5E007D6AAF /* CDLAappSwiftUiUITestsLaunchTests.swift */; };
/* End PBXBuildFile section */

/* Begin PBXContainerItemProxy section */
		E0D442A42C0C2C5E007D6AAF /* PBXContainerItemProxy */ = {
			isa = PBXContainerItemProxy;
			containerPortal = E0D4428B2C0C2C50007D6AAF /* Project object */;
			proxyType = 1;
			remoteGlobalIDString = E0D442922C0C2C50007D6AAF;
			remoteInfo = CDLAappSwiftUi;
		};
		E0D442AE2C0C2C5E007D6AAF /* PBXContainerItemProxy */ = {
			isa = PBXContainerItemProxy;
			containerPortal = E0D4428B2C0C2C50007D6AAF /* Project object */;
			proxyType = 1;
			remoteGlobalIDString = E0D442922C0C2C50007D6AAF;
			remoteInfo = CDLAappSwiftUi;
		};
/* End PBXContainerItemProxy section */

/* Begin PBXFileReference section */
		E0D442932C0C2C50007D6AAF /* CDLAappSwiftUi.app */ = {isa = PBXFileReference; explicitFileType = wrapper.application; includeInIndex = 0; path = CDLAappSwiftUi.app; sourceTree = BUILT_PRODUCTS_DIR; };
		E0D442962C0C2C50007D6AAF /* CDLAappSwiftUiApp.swift */ = {isa = PBXFileReference; lastKnownFileType = sourcecode.swift; path = CDLAappSwiftUiApp.swift; sourceTree = "<group>"; };
		E0D442982C0C2C50007D6AAF /* ContentView.swift */ = {isa = PBXFileReference; lastKnownFileType = sourcecode.swift; path = ContentView.swift; sourceTree = "<group>"; };
		E0D4429A2C0C2C5E007D6AAF /* Assets.xcassets */ = {isa = PBXFileReference; lastKnownFileType = folder.assetcatalog; path = Assets.xcassets; sourceTree = "<group>"; };
		E0D4429D2C0C2C5E007D6AAF /* Preview Assets.xcassets */ = {isa = PBXFileReference; lastKnownFileType = folder.assetcatalog; path = "Preview Assets.xcassets"; sourceTree = "<group>"; };
		E0D442A32C0C2C5E007D6AAF /* CDLAappSwiftUiTests.xctest */ = {isa = PBXFileReference; explicitFileType = wrapper.cfbundle; includeInIndex = 0; path = CDLAappSwiftUiTests.xctest; sourceTree = BUILT_PRODUCTS_DIR; };
		E0D442A72C0C2C5E007D6AAF /* CDLAappSwiftUiTests.swift */ = {isa = PBXFileReference; lastKnownFileType = sourcecode.swift; path = CDLAappSwiftUiTests.swift; sourceTree = "<group>"; };
		E0D442AD2C0C2C5E007D6AAF /* CDLAappSwiftUiUITests.xctest */ = {isa = PBXFileReference; explicitFileType = wrapper.cfbundle; includeInIndex = 0; path = CDLAappSwiftUiUITests.xctest; sourceTree = BUILT_PRODUCTS_DIR; };
		E0D442B12C0C2C5E007D6AAF /* CDLAappSwiftUiUITests.swift */ = {isa = PBXFileReference; lastKnownFileType = sourcecode.swift; path = CDLAappSwiftUiUITests.swift; sourceTree = "<group>"; };
		E0D442B32C0C2C5E007D6AAF /* CDLAappSwiftUiUITestsLaunchTests.swift */ = {isa = PBXFileReference; lastKnownFileType = sourcecode.swift; path = CDLAappSwiftUiUITestsLaunchTests.swift; sourceTree = "<group>"; };
/* End PBXFileReference section */

/* Begin PBXFrameworksBuildPhase section */
		E0D442902C0C2C50007D6AAF /* Frameworks */ = {
			isa = PBXFrameworksBuildPhase;
			buildActionMask = 2147483647;
			files = (
			);
			runOnlyForDeploymentPostprocessing = 0;
		};
		E0D442A02C0C2C5E007D6AAF /* Frameworks */ = {
			isa = PBXFrameworksBuildPhase;
			buildActionMask = 2147483647;
			files = (
			);
			runOnlyForDeploymentPostprocessing = 0;
		};
		E0D442AA2C0C2C5E007D6AAF /* Frameworks */ = {
			isa = PBXFrameworksBuildPhase;
			buildActionMask = 2147483647;
			files = (
			);
			runOnlyForDeploymentPostprocessing = 0;
		};
/* End PBXFrameworksBuildPhase section */

/* Begin PBXGroup section */
		E0D4428A2C0C2C50007D6AAF = {
			isa = PBXGroup;
			children = (
				E0D442952C0C2C50007D6AAF /* CDLAappSwiftUi */,
				E0D442A62C0C2C5E007D6AAF /* CDLAappSwiftUiTests */,
				E0D442B02C0C2C5E007D6AAF /* CDLAappSwiftUiUITests */,
				E0D442942C0C2C50007D6AAF /* Products */,
			);
			sourceTree = "<group>";
		};
		E0D442942C0C2C50007D6AAF /* Products */ = {
			isa = PBXGroup;
			children = (
				E0D442932C0C2C50007D6AAF /* CDLAappSwiftUi.app */,
				E0D442A32C0C2C5E007D6AAF /* CDLAappSwiftUiTests.xctest */,
				E0D442AD2C0C2C5E007D6AAF /* CDLAappSwiftUiUITests.xctest */,
			);
			name = Products;
			sourceTree = "<group>";
		};
		E0D442952C0C2C50007D6AAF /* CDLAappSwiftUi */ = {
			isa = PBXGroup;
			children = (
				E0D442962C0C2C50007D6AAF /* CDLAappSwiftUiApp.swift */,
				E0D442982C0C2C50007D6AAF /* ContentView.swift */,
				E0D4429A2C0C2C5E007D6AAF /* Assets.xcassets */,
				E0D4429C2C0C2C5E007D6AAF /* Preview Content */,
			);
			path = CDLAappSwiftUi;
			sourceTree = "<group>";
		};
		E0D4429C2C0C2C5E007D6AAF /* Preview Content */ = {
			isa = PBXGroup;
			children = (
				E0D4429D2C0C2C5E007D6AAF /* Preview Assets.xcassets */,
			);
			path = "Preview Content";
			sourceTree = "<group>";
		};
		E0D442A62C0C2C5E007D6AAF /* CDLAappSwiftUiTests */ = {
			isa = PBXGroup;
			children = (
				E0D442A72C0C2C5E007D6AAF /* CDLAappSwiftUiTests.swift */,
			);
			path = CDLAappSwiftUiTests;
			sourceTree = "<group>";
		};
		E0D442B02C0C2C5E007D6AAF /* CDLAappSwiftUiUITests */ = {
			isa = PBXGroup;
			children = (
				E0D442B12C0C2C5E007D6AAF /* CDLAappSwiftUiUITests.swift */,
				E0D442B32C0C2C5E007D6AAF /* CDLAappSwiftUiUITestsLaunchTests.swift */,
			);
			path = CDLAappSwiftUiUITests;
			sourceTree = "<group>";
		};
/* End PBXGroup section */

/* Begin PBXNativeTarget section */
		E0D442922C0C2C50007D6AAF /* CDLAappSwiftUi */ = {
			isa = PBXNativeTarget;
			buildConfigurationList = E0D442B72C0C2C5E007D6AAF /* Build configuration list for PBXNativeTarget "CDLAappSwiftUi" */;
			buildPhases = (
				E0D4428F2C0C2C50007D6AAF /* Sources */,
				E0D442902C0C2C50007D6AAF /* Frameworks */,
				E0D442912C0C2C50007D6AAF /* Resources */,
			);
			buildRules = (
			);
			dependencies = (
			);
			name = CDLAappSwiftUi;
			productName = CDLAappSwiftUi;
			productReference = E0D442932C0C2C50007D6AAF /* CDLAappSwiftUi.app */;
			productType = "com.apple.product-type.application";
		};
		E0D442A22C0C2C5E007D6AAF /* CDLAappSwiftUiTests */ = {
			isa = PBXNativeTarget;
			buildConfigurationList = E0D442BA2C0C2C5E007D6AAF /* Build configuration list for PBXNativeTarget "CDLAappSwiftUiTests" */;
			buildPhases = (
				E0D4429F2C0C2C5E007D6AAF /* Sources */,
				E0D442A02C0C2C5E007D6AAF /* Frameworks */,
				E0D442A12C0C2C5E007D6AAF /* Resources */,
			);
			buildRules = (
			);
			dependencies = (
				E0D442A52C0C2C5E007D6AAF /* PBXTargetDependency */,
			);
			name = CDLAappSwiftUiTests;
			productName = CDLAappSwiftUiTests;
			productReference = E0D442A32C0C2C5E007D6AAF /* CDLAappSwiftUiTests.xctest */;
			productType = "com.apple.product-type.bundle.unit-test";
		};
		E0D442AC2C0C2C5E007D6AAF /* CDLAappSwiftUiUITests */ = {
			isa = PBXNativeTarget;
			buildConfigurationList = E0D442BD2C0C2C5E007D6AAF /* Build configuration list for PBXNativeTarget "CDLAappSwiftUiUITests" */;
			buildPhases = (
				E0D442A92C0C2C5E007D6AAF /* Sources */,
				E0D442AA2C0C2C5E007D6AAF /* Frameworks */,
				E0D442AB2C0C2C5E007D6AAF /* Resources */,
			);
			buildRules = (
			);
			dependencies = (
				E0D442AF2C0C2C5E007D6AAF /* PBXTargetDependency */,
			);
			name = CDLAappSwiftUiUITests;
			productName = CDLAappSwiftUiUITests;
			productReference = E0D442AD2C0C2C5E007D6AAF /* CDLAappSwiftUiUITests.xctest */;
			productType = "com.apple.product-type.bundle.ui-testing";
		};
/* End PBXNativeTarget section */

/* Begin PBXProject section */
		E0D4428B2C0C2C50007D6AAF /* Project object */ = {
			isa = PBXProject;
			attributes = {
				BuildIndependentTargetsInParallel = 1;
				LastSwiftUpdateCheck = 1530;
				LastUpgradeCheck = 1530;
				TargetAttributes = {
					E0D442922C0C2C50007D6AAF = {
						CreatedOnToolsVersion = 15.3;
					};
					E0D442A22C0C2C5E007D6AAF = {
						CreatedOnToolsVersion = 15.3;
						TestTargetID = E0D442922C0C2C50007D6AAF;
					};
					E0D442AC2C0C2C5E007D6AAF = {
						CreatedOnToolsVersion = 15.3;
						TestTargetID = E0D442922C0C2C50007D6AAF;
					};
				};
			};
			buildConfigurationList = E0D4428E2C0C2C50007D6AAF /* Build configuration list for PBXProject "CDLAappSwiftUi" */;
			compatibilityVersion = "Xcode 14.0";
			developmentRegion = en;
			hasScannedForEncodings = 0;
			knownRegions = (
				en,
				Base,
			);
			mainGroup = E0D4428A2C0C2C50007D6AAF;
			productRefGroup = E0D442942C0C2C50007D6AAF /* Products */;
			projectDirPath = "";
			projectRoot = "";
			targets = (
				E0D442922C0C2C50007D6AAF /* CDLAappSwiftUi */,
				E0D442A22C0C2C5E007D6AAF /* CDLAappSwiftUiTests */,
				E0D442AC2C0C2C5E007D6AAF /* CDLAappSwiftUiUITests */,
			);
		};
/* End PBXProject section */

/* Begin PBXResourcesBuildPhase section */
		E0D442912C0C2C50007D6AAF /* Resources */ = {
			isa = PBXResourcesBuildPhase;
			buildActionMask = 2147483647;
			files = (
				E0D4429E2C0C2C5E007D6AAF /* Preview Assets.xcassets in Resources */,
				E0D4429B2C0C2C5E007D6AAF /* Assets.xcassets in Resources */,
			);
			runOnlyForDeploymentPostprocessing = 0;
		};
		E0D442A12C0C2C5E007D6AAF /* Resources */ = {
			isa = PBXResourcesBuildPhase;
			buildActionMask = 2147483647;
			files = (
			);
			runOnlyForDeploymentPostprocessing = 0;
		};
		E0D442AB2C0C2C5E007D6AAF /* Resources */ = {
			isa = PBXResourcesBuildPhase;
			buildActionMask = 2147483647;
			files = (
			);
			runOnlyForDeploymentPostprocessing = 0;
		};
/* End PBXResourcesBuildPhase section */

/* Begin PBXSourcesBuildPhase section */
		E0D4428F2C0C2C50007D6AAF /* Sources */ = {
			isa = PBXSourcesBuildPhase;
			buildActionMask = 2147483647;
			files = (
				E0D442992C0C2C50007D6AAF /* ContentView.swift in Sources */,
				E0D442972C0C2C50007D6AAF /* CDLAappSwiftUiApp.swift in Sources */,
			);
			runOnlyForDeploymentPostprocessing = 0;
		};
		E0D4429F2C0C2C5E007D6AAF /* Sources */ = {
			isa = PBXSourcesBuildPhase;
			buildActionMask = 2147483647;
			files = (
				E0D442A82C0C2C5E007D6AAF /* CDLAappSwiftUiTests.swift in Sources */,
			);
			runOnlyForDeploymentPostprocessing = 0;
		};
		E0D442A92C0C2C5E007D6AAF /* Sources */ = {
			isa = PBXSourcesBuildPhase;
			buildActionMask = 2147483647;
			files = (
				E0D442B42C0C2C5E007D6AAF /* CDLAappSwiftUiUITestsLaunchTests.swift in Sources */,
				E0D442B22C0C2C5E007D6AAF /* CDLAappSwiftUiUITests.swift in Sources */,
			);
			runOnlyForDeploymentPostprocessing = 0;
		};
/* End PBXSourcesBuildPhase section */

/* Begin PBXTargetDependency section */
		E0D442A52C0C2C5E007D6AAF /* PBXTargetDependency */ = {
			isa = PBXTargetDependency;
			target = E0D442922C0C2C50007D6AAF /* CDLAappSwiftUi */;
			targetProxy = E0D442A42C0C2C5E007D6AAF /* PBXContainerItemProxy */;
		};
		E0D442AF2C0C2C5E007D6AAF /* PBXTargetDependency */ = {
			isa = PBXTargetDependency;
			target = E0D442922C0C2C50007D6AAF /* CDLAappSwiftUi */;
			targetProxy = E0D442AE2C0C2C5E007D6AAF /* PBXContainerItemProxy */;
		};
/* End PBXTargetDependency section */

/* Begin XCBuildConfiguration section */
		E0D442B52C0C2C5E007D6AAF /* Debug */ = {
			isa = XCBuildConfiguration;
			buildSettings = {
				ALWAYS_SEARCH_USER_PATHS = NO;
				ASSETCATALOG_COMPILER_GENERATE_SWIFT_ASSET_SYMBOL_EXTENSIONS = YES;
				CLANG_ANALYZER_NONNULL = YES;
				CLANG_ANALYZER_NUMBER_OBJECT_CONVERSION = YES_AGGRESSIVE;
				CLANG_CXX_LANGUAGE_STANDARD = "gnu++20";
				CLANG_ENABLE_MODULES = YES;
				CLANG_ENABLE_OBJC_ARC = YES;
				CLANG_ENABLE_OBJC_WEAK = YES;
				CLANG_WARN_BLOCK_CAPTURE_AUTORELEASING = YES;
				CLANG_WARN_BOOL_CONVERSION = YES;
				CLANG_WARN_COMMA = YES;
				CLANG_WARN_CONSTANT_CONVERSION = YES;
				CLANG_WARN_DEPRECATED_OBJC_IMPLEMENTATIONS = YES;
				CLANG_WARN_DIRECT_OBJC_ISA_USAGE = YES_ERROR;
				CLANG_WARN_DOCUMENTATION_COMMENTS = YES;
				CLANG_WARN_EMPTY_BODY = YES;
				CLANG_WARN_ENUM_CONVERSION = YES;
				CLANG_WARN_INFINITE_RECURSION = YES;
				CLANG_WARN_INT_CONVERSION = YES;
				CLANG_WARN_NON_LITERAL_NULL_CONVERSION = YES;
				CLANG_WARN_OBJC_IMPLICIT_RETAIN_SELF = YES;
				CLANG_WARN_OBJC_LITERAL_CONVERSION = YES;
				CLANG_WARN_OBJC_ROOT_CLASS = YES_ERROR;
				CLANG_WARN_QUOTED_INCLUDE_IN_FRAMEWORK_HEADER = YES;
				CLANG_WARN_RANGE_LOOP_ANALYSIS = YES;
				CLANG_WARN_STRICT_PROTOTYPES = YES;
				CLANG_WARN_SUSPICIOUS_MOVE = YES;
				CLANG_WARN_UNGUARDED_AVAILABILITY = YES_AGGRESSIVE;
				CLANG_WARN_UNREACHABLE_CODE = YES;
				CLANG_WARN__DUPLICATE_METHOD_MATCH = YES;
				COPY_PHASE_STRIP = NO;
				DEBUG_INFORMATION_FORMAT = dwarf;
				ENABLE_STRICT_OBJC_MSGSEND = YES;
				ENABLE_TESTABILITY = YES;
				ENABLE_USER_SCRIPT_SANDBOXING = YES;
				GCC_C_LANGUAGE_STANDARD = gnu17;
				GCC_DYNAMIC_NO_PIC = NO;
				GCC_NO_COMMON_BLOCKS = YES;
				GCC_OPTIMIZATION_LEVEL = 0;
				GCC_PREPROCESSOR_DEFINITIONS = (
					"DEBUG=1",
					"$(inherited)",
				);
				GCC_WARN_64_TO_32_BIT_CONVERSION = YES;
				GCC_WARN_ABOUT_RETURN_TYPE = YES_ERROR;
				GCC_WARN_UNDECLARED_SELECTOR = YES;
				GCC_WARN_UNINITIALIZED_AUTOS = YES_AGGRESSIVE;
				GCC_WARN_UNUSED_FUNCTION = YES;
				GCC_WARN_UNUSED_VARIABLE = YES;
				IPHONEOS_DEPLOYMENT_TARGET = 17.4;
				LOCALIZATION_PREFERS_STRING_CATALOGS = YES;
				MTL_ENABLE_DEBUG_INFO = INCLUDE_SOURCE;
				MTL_FAST_MATH = YES;
				ONLY_ACTIVE_ARCH = YES;
				SDKROOT = iphoneos;
				SWIFT_ACTIVE_COMPILATION_CONDITIONS = "DEBUG $(inherited)";
				SWIFT_OPTIMIZATION_LEVEL = "-Onone";
			};
			name = Debug;
		};
		E0D442B62C0C2C5E007D6AAF /* Release */ = {
			isa = XCBuildConfiguration;
			buildSettings = {
				ALWAYS_SEARCH_USER_PATHS = NO;
				ASSETCATALOG_COMPILER_GENERATE_SWIFT_ASSET_SYMBOL_EXTENSIONS = YES;
				CLANG_ANALYZER_NONNULL = YES;
				CLANG_ANALYZER_NUMBER_OBJECT_CONVERSION = YES_AGGRESSIVE;
				CLANG_CXX_LANGUAGE_STANDARD = "gnu++20";
				CLANG_ENABLE_MODULES = YES;
				CLANG_ENABLE_OBJC_ARC = YES;
				CLANG_ENABLE_OBJC_WEAK = YES;
				CLANG_WARN_BLOCK_CAPTURE_AUTORELEASING = YES;
				CLANG_WARN_BOOL_CONVERSION = YES;
				CLANG_WARN_COMMA = YES;
				CLANG_WARN_CONSTANT_CONVERSION = YES;
				CLANG_WARN_DEPRECATED_OBJC_IMPLEMENTATIONS = YES;
				CLANG_WARN_DIRECT_OBJC_ISA_USAGE = YES_ERROR;
				CLANG_WARN_DOCUMENTATION_COMMENTS = YES;
				CLANG_WARN_EMPTY_BODY = YES;
				CLANG_WARN_ENUM_CONVERSION = YES;
				CLANG_WARN_INFINITE_RECURSION = YES;
				CLANG_WARN_INT_CONVERSION = YES;
				CLANG_WARN_NON_LITERAL_NULL_CONVERSION = YES;
				CLANG_WARN_OBJC_IMPLICIT_RETAIN_SELF = YES;
				CLANG_WARN_OBJC_LITERAL_CONVERSION = YES;
				CLANG_WARN_OBJC_ROOT_CLASS = YES_ERROR;
				CLANG_WARN_QUOTED_INCLUDE_IN_FRAMEWORK_HEADER = YES;
				CLANG_WARN_RANGE_LOOP_ANALYSIS = YES;
				CLANG_WARN_STRICT_PROTOTYPES = YES;
				CLANG_WARN_SUSPICIOUS_MOVE = YES;
				CLANG_WARN_UNGUARDED_AVAILABILITY = YES_AGGRESSIVE;
				CLANG_WARN_UNREACHABLE_CODE = YES;
				CLANG_WARN__DUPLICATE_METHOD_MATCH = YES;
				COPY_PHASE_STRIP = NO;
				DEBUG_INFORMATION_FORMAT = "dwarf-with-dsym";
				ENABLE_NS_ASSERTIONS = NO;
				ENABLE_STRICT_OBJC_MSGSEND = YES;
				ENABLE_USER_SCRIPT_SANDBOXING = YES;
				GCC_C_LANGUAGE_STANDARD = gnu17;
				GCC_NO_COMMON_BLOCKS = YES;
				GCC_WARN_64_TO_32_BIT_CONVERSION = YES;
				GCC_WARN_ABOUT_RETURN_TYPE = YES_ERROR;
				GCC_WARN_UNDECLARED_SELECTOR = YES;
				GCC_WARN_UNINITIALIZED_AUTOS = YES_AGGRESSIVE;
				GCC_WARN_UNUSED_FUNCTION = YES;
				GCC_WARN_UNUSED_VARIABLE = YES;
				IPHONEOS_DEPLOYMENT_TARGET = 17.4;
				LOCALIZATION_PREFERS_STRING_CATALOGS = YES;
				MTL_ENABLE_DEBUG_INFO = NO;
				MTL_FAST_MATH = YES;
				SDKROOT = iphoneos;
				SWIFT_COMPILATION_MODE = wholemodule;
				VALIDATE_PRODUCT = YES;
			};
			name = Release;
		};
		E0D442B82C0C2C5E007D6AAF /* Debug */ = {
			isa = XCBuildConfiguration;
			buildSettings = {
				ASSETCATALOG_COMPILER_APPICON_NAME = AppIcon;
				ASSETCATALOG_COMPILER_GLOBAL_ACCENT_COLOR_NAME = AccentColor;
				CODE_SIGN_STYLE = Automatic;
				CURRENT_PROJECT_VERSION = 1;
				DEVELOPMENT_ASSET_PATHS = "\"CDLAappSwiftUi/Preview Content\"";
				ENABLE_PREVIEWS = YES;
				GENERATE_INFOPLIST_FILE = YES;
				INFOPLIST_KEY_UIApplicationSceneManifest_Generation = YES;
				INFOPLIST_KEY_UIApplicationSupportsIndirectInputEvents = YES;
				INFOPLIST_KEY_UILaunchScreen_Generation = YES;
				INFOPLIST_KEY_UISupportedInterfaceOrientations_iPad = "UIInterfaceOrientationPortrait UIInterfaceOrientationPortraitUpsideDown UIInterfaceOrientationLandscapeLeft UIInterfaceOrientationLandscapeRight";
				INFOPLIST_KEY_UISupportedInterfaceOrientations_iPhone = "UIInterfaceOrientationPortrait UIInterfaceOrientationLandscapeLeft UIInterfaceOrientationLandscapeRight";
				LD_RUNPATH_SEARCH_PATHS = (
					"$(inherited)",
					"@executable_path/Frameworks",
				);
				MARKETING_VERSION = 1.0;
				PRODUCT_BUNDLE_IDENTIFIER = fd.CDLAappSwiftUi;
				PRODUCT_NAME = "$(TARGET_NAME)";
				SWIFT_EMIT_LOC_STRINGS = YES;
				SWIFT_VERSION = 5.0;
				TARGETED_DEVICE_FAMILY = "1,2";
			};
			name = Debug;
		};
		E0D442B92C0C2C5E007D6AAF /* Release */ = {
			isa = XCBuildConfiguration;
			buildSettings = {
				ASSETCATALOG_COMPILER_APPICON_NAME = AppIcon;
				ASSETCATALOG_COMPILER_GLOBAL_ACCENT_COLOR_NAME = AccentColor;
				CODE_SIGN_STYLE = Automatic;
				CURRENT_PROJECT_VERSION = 1;
				DEVELOPMENT_ASSET_PATHS = "\"CDLAappSwiftUi/Preview Content\"";
				ENABLE_PREVIEWS = YES;
				GENERATE_INFOPLIST_FILE = YES;
				INFOPLIST_KEY_UIApplicationSceneManifest_Generation = YES;
				INFOPLIST_KEY_UIApplicationSupportsIndirectInputEvents = YES;
				INFOPLIST_KEY_UILaunchScreen_Generation = YES;
				INFOPLIST_KEY_UISupportedInterfaceOrientations_iPad = "UIInterfaceOrientationPortrait UIInterfaceOrientationPortraitUpsideDown UIInterfaceOrientationLandscapeLeft UIInterfaceOrientationLandscapeRight";
				INFOPLIST_KEY_UISupportedInterfaceOrientations_iPhone = "UIInterfaceOrientationPortrait UIInterfaceOrientationLandscapeLeft UIInterfaceOrientationLandscapeRight";
				LD_RUNPATH_SEARCH_PATHS = (
					"$(inherited)",
					"@executable_path/Frameworks",
				);
				MARKETING_VERSION = 1.0;
				PRODUCT_BUNDLE_IDENTIFIER = fd.CDLAappSwiftUi;
				PRODUCT_NAME = "$(TARGET_NAME)";
				SWIFT_EMIT_LOC_STRINGS = YES;
				SWIFT_VERSION = 5.0;
				TARGETED_DEVICE_FAMILY = "1,2";
			};
			name = Release;
		};
		E0D442BB2C0C2C5E007D6AAF /* Debug */ = {
			isa = XCBuildConfiguration;
			buildSettings = {
				ALWAYS_EMBED_SWIFT_STANDARD_LIBRARIES = YES;
				BUNDLE_LOADER = "$(TEST_HOST)";
				CODE_SIGN_STYLE = Automatic;
				CURRENT_PROJECT_VERSION = 1;
				GENERATE_INFOPLIST_FILE = YES;
				IPHONEOS_DEPLOYMENT_TARGET = 17.4;
				MARKETING_VERSION = 1.0;
				PRODUCT_BUNDLE_IDENTIFIER = fd.CDLAappSwiftUiTests;
				PRODUCT_NAME = "$(TARGET_NAME)";
				SWIFT_EMIT_LOC_STRINGS = NO;
				SWIFT_VERSION = 5.0;
				TARGETED_DEVICE_FAMILY = "1,2";
				TEST_HOST = "$(BUILT_PRODUCTS_DIR)/CDLAappSwiftUi.app/$(BUNDLE_EXECUTABLE_FOLDER_PATH)/CDLAappSwiftUi";
			};
			name = Debug;
		};
		E0D442BC2C0C2C5E007D6AAF /* Release */ = {
			isa = XCBuildConfiguration;
			buildSettings = {
				ALWAYS_EMBED_SWIFT_STANDARD_LIBRARIES = YES;
				BUNDLE_LOADER = "$(TEST_HOST)";
				CODE_SIGN_STYLE = Automatic;
				CURRENT_PROJECT_VERSION = 1;
				GENERATE_INFOPLIST_FILE = YES;
				IPHONEOS_DEPLOYMENT_TARGET = 17.4;
				MARKETING_VERSION = 1.0;
				PRODUCT_BUNDLE_IDENTIFIER = fd.CDLAappSwiftUiTests;
				PRODUCT_NAME = "$(TARGET_NAME)";
				SWIFT_EMIT_LOC_STRINGS = NO;
				SWIFT_VERSION = 5.0;
				TARGETED_DEVICE_FAMILY = "1,2";
				TEST_HOST = "$(BUILT_PRODUCTS_DIR)/CDLAappSwiftUi.app/$(BUNDLE_EXECUTABLE_FOLDER_PATH)/CDLAappSwiftUi";
			};
			name = Release;
		};
		E0D442BE2C0C2C5E007D6AAF /* Debug */ = {
			isa = XCBuildConfiguration;
			buildSettings = {
				ALWAYS_EMBED_SWIFT_STANDARD_LIBRARIES = YES;
				CODE_SIGN_STYLE = Automatic;
				CURRENT_PROJECT_VERSION = 1;
				GENERATE_INFOPLIST_FILE = YES;
				MARKETING_VERSION = 1.0;
				PRODUCT_BUNDLE_IDENTIFIER = fd.CDLAappSwiftUiUITests;
				PRODUCT_NAME = "$(TARGET_NAME)";
				SWIFT_EMIT_LOC_STRINGS = NO;
				SWIFT_VERSION = 5.0;
				TARGETED_DEVICE_FAMILY = "1,2";
				TEST_TARGET_NAME = CDLAappSwiftUi;
			};
			name = Debug;
		};
		E0D442BF2C0C2C5E007D6AAF /* Release */ = {
			isa = XCBuildConfiguration;
			buildSettings = {
				ALWAYS_EMBED_SWIFT_STANDARD_LIBRARIES = YES;
				CODE_SIGN_STYLE = Automatic;
				CURRENT_PROJECT_VERSION = 1;
				GENERATE_INFOPLIST_FILE = YES;
				MARKETING_VERSION = 1.0;
				PRODUCT_BUNDLE_IDENTIFIER = fd.CDLAappSwiftUiUITests;
				PRODUCT_NAME = "$(TARGET_NAME)";
				SWIFT_EMIT_LOC_STRINGS = NO;
				SWIFT_VERSION = 5.0;
				TARGETED_DEVICE_FAMILY = "1,2";
				TEST_TARGET_NAME = CDLAappSwiftUi;
			};
			name = Release;
		};
/* End XCBuildConfiguration section */

/* Begin XCConfigurationList section */
		E0D4428E2C0C2C50007D6AAF /* Build configuration list for PBXProject "CDLAappSwiftUi" */ = {
			isa = XCConfigurationList;
			buildConfigurations = (
				E0D442B52C0C2C5E007D6AAF /* Debug */,
				E0D442B62C0C2C5E007D6AAF /* Release */,
			);
			defaultConfigurationIsVisible = 0;
			defaultConfigurationName = Release;
		};
		E0D442B72C0C2C5E007D6AAF /* Build configuration list for PBXNativeTarget "CDLAappSwiftUi" */ = {
			isa = XCConfigurationList;
			buildConfigurations = (
				E0D442B82C0C2C5E007D6AAF /* Debug */,
				E0D442B92C0C2C5E007D6AAF /* Release */,
			);
			defaultConfigurationIsVisible = 0;
			defaultConfigurationName = Release;
		};
		E0D442BA2C0C2C5E007D6AAF /* Build configuration list for PBXNativeTarget "CDLAappSwiftUiTests" */ = {
			isa = XCConfigurationList;
			buildConfigurations = (
				E0D442BB2C0C2C5E007D6AAF /* Debug */,
				E0D442BC2C0C2C5E007D6AAF /* Release */,
			);
			defaultConfigurationIsVisible = 0;
			defaultConfigurationName = Release;
		};
		E0D442BD2C0C2C5E007D6AAF /* Build configuration list for PBXNativeTarget "CDLAappSwiftUiUITests" */ = {
			isa = XCConfigurationList;
			buildConfigurations = (
				E0D442BE2C0C2C5E007D6AAF /* Debug */,
				E0D442BF2C0C2C5E007D6AAF /* Release */,
			);
			defaultConfigurationIsVisible = 0;
			defaultConfigurationName = Release;
		};
/* End XCConfigurationList section */
	};
	rootObject = E0D4428B2C0C2C50007D6AAF /* Project object */;
}
